// !$*UTF8*$!
{
	archiveVersion = 1;
	classes = {
	};
	objectVersion = 55;
	objects = {

/* Begin PBXBuildFile section */
		5CE33F979EE8ACCC7F4F96AB /* Pods_todoListWithRealm.framework in Frameworks */ = {isa = PBXBuildFile; fileRef = A5097EF62D66DD036B0088C8 /* Pods_todoListWithRealm.framework */; };
		8D8EE22027F06C8E008A971A /* AppDelegate.swift in Sources */ = {isa = PBXBuildFile; fileRef = 8D8EE21F27F06C8E008A971A /* AppDelegate.swift */; };
		8D8EE22227F06C8E008A971A /* SceneDelegate.swift in Sources */ = {isa = PBXBuildFile; fileRef = 8D8EE22127F06C8E008A971A /* SceneDelegate.swift */; };
		8D8EE22927F06C8E008A971A /* Assets.xcassets in Resources */ = {isa = PBXBuildFile; fileRef = 8D8EE22827F06C8E008A971A /* Assets.xcassets */; };
		8D8EE22C27F06C8E008A971A /* LaunchScreen.storyboard in Resources */ = {isa = PBXBuildFile; fileRef = 8D8EE22A27F06C8E008A971A /* LaunchScreen.storyboard */; };
		8D8EE23427F06D72008A971A /* TodoListViewController.swift in Sources */ = {isa = PBXBuildFile; fileRef = 8D8EE23327F06D72008A971A /* TodoListViewController.swift */; };
		8D8EE23627F0742B008A971A /* Task.swift in Sources */ = {isa = PBXBuildFile; fileRef = 8D8EE23527F0742B008A971A /* Task.swift */; };
		8D8EE23827F074DA008A971A /* RealmManager.swift in Sources */ = {isa = PBXBuildFile; fileRef = 8D8EE23727F074DA008A971A /* RealmManager.swift */; };
		8D8EE23E27F0C839008A971A /* TodoListTableViewCell.swift in Sources */ = {isa = PBXBuildFile; fileRef = 8D8EE23D27F0C839008A971A /* TodoListTableViewCell.swift */; };
/* End PBXBuildFile section */

/* Begin PBXFileReference section */
		8D8EE21C27F06C8E008A971A /* todoListWithRealm.app */ = {isa = PBXFileReference; explicitFileType = wrapper.application; includeInIndex = 0; path = todoListWithRealm.app; sourceTree = BUILT_PRODUCTS_DIR; };
		8D8EE21F27F06C8E008A971A /* AppDelegate.swift */ = {isa = PBXFileReference; lastKnownFileType = sourcecode.swift; path = AppDelegate.swift; sourceTree = "<group>"; };
		8D8EE22127F06C8E008A971A /* SceneDelegate.swift */ = {isa = PBXFileReference; lastKnownFileType = sourcecode.swift; path = SceneDelegate.swift; sourceTree = "<group>"; };
		8D8EE22827F06C8E008A971A /* Assets.xcassets */ = {isa = PBXFileReference; lastKnownFileType = folder.assetcatalog; path = Assets.xcassets; sourceTree = "<group>"; };
		8D8EE22B27F06C8E008A971A /* Base */ = {isa = PBXFileReference; lastKnownFileType = file.storyboard; name = Base; path = Base.lproj/LaunchScreen.storyboard; sourceTree = "<group>"; };
		8D8EE22D27F06C8E008A971A /* Info.plist */ = {isa = PBXFileReference; lastKnownFileType = text.plist.xml; path = Info.plist; sourceTree = "<group>"; };
		8D8EE23327F06D72008A971A /* TodoListViewController.swift */ = {isa = PBXFileReference; lastKnownFileType = sourcecode.swift; path = TodoListViewController.swift; sourceTree = "<group>"; };
		8D8EE23527F0742B008A971A /* Task.swift */ = {isa = PBXFileReference; lastKnownFileType = sourcecode.swift; path = Task.swift; sourceTree = "<group>"; };
		8D8EE23727F074DA008A971A /* RealmManager.swift */ = {isa = PBXFileReference; lastKnownFileType = sourcecode.swift; path = RealmManager.swift; sourceTree = "<group>"; };
		8D8EE23D27F0C839008A971A /* TodoListTableViewCell.swift */ = {isa = PBXFileReference; lastKnownFileType = sourcecode.swift; path = TodoListTableViewCell.swift; sourceTree = "<group>"; };
		A5097EF62D66DD036B0088C8 /* Pods_todoListWithRealm.framework */ = {isa = PBXFileReference; explicitFileType = wrapper.framework; includeInIndex = 0; path = Pods_todoListWithRealm.framework; sourceTree = BUILT_PRODUCTS_DIR; };
		B56DF0014CAAD0887B8DEE8D /* Pods-todoListWithRealm.debug.xcconfig */ = {isa = PBXFileReference; includeInIndex = 1; lastKnownFileType = text.xcconfig; name = "Pods-todoListWithRealm.debug.xcconfig"; path = "Target Support Files/Pods-todoListWithRealm/Pods-todoListWithRealm.debug.xcconfig"; sourceTree = "<group>"; };
		D938B128145AF247066C3AC1 /* Pods-todoListWithRealm.release.xcconfig */ = {isa = PBXFileReference; includeInIndex = 1; lastKnownFileType = text.xcconfig; name = "Pods-todoListWithRealm.release.xcconfig"; path = "Target Support Files/Pods-todoListWithRealm/Pods-todoListWithRealm.release.xcconfig"; sourceTree = "<group>"; };
/* End PBXFileReference section */

/* Begin PBXFrameworksBuildPhase section */
		8D8EE21927F06C8E008A971A /* Frameworks */ = {
			isa = PBXFrameworksBuildPhase;
			buildActionMask = 2147483647;
			files = (
				5CE33F979EE8ACCC7F4F96AB /* Pods_todoListWithRealm.framework in Frameworks */,
			);
			runOnlyForDeploymentPostprocessing = 0;
		};
/* End PBXFrameworksBuildPhase section */

/* Begin PBXGroup section */
		453DE76B7D37151A00C50D1B /* Pods */ = {
			isa = PBXGroup;
			children = (
				B56DF0014CAAD0887B8DEE8D /* Pods-todoListWithRealm.debug.xcconfig */,
				D938B128145AF247066C3AC1 /* Pods-todoListWithRealm.release.xcconfig */,
			);
			path = Pods;
			sourceTree = "<group>";
		};
		8D8EE21327F06C8E008A971A = {
			isa = PBXGroup;
			children = (
				8D8EE21E27F06C8E008A971A /* todoListWithRealm */,
				8D8EE21D27F06C8E008A971A /* Products */,
				453DE76B7D37151A00C50D1B /* Pods */,
				D2C648BEC148CAB1D8E758C2 /* Frameworks */,
			);
			sourceTree = "<group>";
		};
		8D8EE21D27F06C8E008A971A /* Products */ = {
			isa = PBXGroup;
			children = (
				8D8EE21C27F06C8E008A971A /* todoListWithRealm.app */,
			);
			name = Products;
			sourceTree = "<group>";
		};
		8D8EE21E27F06C8E008A971A /* todoListWithRealm */ = {
			isa = PBXGroup;
			children = (
				8D8EE23527F0742B008A971A /* Task.swift */,
				8D8EE21F27F06C8E008A971A /* AppDelegate.swift */,
				8D8EE22127F06C8E008A971A /* SceneDelegate.swift */,
				8D8EE23327F06D72008A971A /* TodoListViewController.swift */,
				8D8EE22827F06C8E008A971A /* Assets.xcassets */,
				8D8EE22A27F06C8E008A971A /* LaunchScreen.storyboard */,
				8D8EE22D27F06C8E008A971A /* Info.plist */,
				8D8EE23727F074DA008A971A /* RealmManager.swift */,
				8D8EE23D27F0C839008A971A /* TodoListTableViewCell.swift */,
			);
			path = todoListWithRealm;
			sourceTree = "<group>";
		};
		D2C648BEC148CAB1D8E758C2 /* Frameworks */ = {
			isa = PBXGroup;
			children = (
				A5097EF62D66DD036B0088C8 /* Pods_todoListWithRealm.framework */,
			);
			name = Frameworks;
			sourceTree = "<group>";
		};
/* End PBXGroup section */

/* Begin PBXNativeTarget section */
		8D8EE21B27F06C8E008A971A /* todoListWithRealm */ = {
			isa = PBXNativeTarget;
			buildConfigurationList = 8D8EE23027F06C8E008A971A /* Build configuration list for PBXNativeTarget "todoListWithRealm" */;
			buildPhases = (
				68FCB2BBE203E754B8DBC288 /* [CP] Check Pods Manifest.lock */,
				8D8EE21827F06C8E008A971A /* Sources */,
				8D8EE21927F06C8E008A971A /* Frameworks */,
				8D8EE21A27F06C8E008A971A /* Resources */,
				E00CA580683C2A69F3B2A24D /* [CP] Embed Pods Frameworks */,
			);
			buildRules = (
			);
			dependencies = (
			);
			name = todoListWithRealm;
			productName = todoListWithRealm;
			productReference = 8D8EE21C27F06C8E008A971A /* todoListWithRealm.app */;
			productType = "com.apple.product-type.application";
		};
/* End PBXNativeTarget section */

/* Begin PBXProject section */
		8D8EE21427F06C8E008A971A /* Project object */ = {
			isa = PBXProject;
			attributes = {
				BuildIndependentTargetsInParallel = 1;
				LastSwiftUpdateCheck = 1300;
				LastUpgradeCheck = 1300;
				TargetAttributes = {
					8D8EE21B27F06C8E008A971A = {
						CreatedOnToolsVersion = 13.0;
					};
				};
			};
			buildConfigurationList = 8D8EE21727F06C8E008A971A /* Build configuration list for PBXProject "todoListWithRealm" */;
			compatibilityVersion = "Xcode 13.0";
			developmentRegion = en;
			hasScannedForEncodings = 0;
			knownRegions = (
				en,
				Base,
			);
			mainGroup = 8D8EE21327F06C8E008A971A;
			productRefGroup = 8D8EE21D27F06C8E008A971A /* Products */;
			projectDirPath = "";
			projectRoot = "";
			targets = (
				8D8EE21B27F06C8E008A971A /* todoListWithRealm */,
			);
		};
/* End PBXProject section */

/* Begin PBXResourcesBuildPhase section */
		8D8EE21A27F06C8E008A971A /* Resources */ = {
			isa = PBXResourcesBuildPhase;
			buildActionMask = 2147483647;
			files = (
				8D8EE22C27F06C8E008A971A /* LaunchScreen.storyboard in Resources */,
				8D8EE22927F06C8E008A971A /* Assets.xcassets in Resources */,
			);
			runOnlyForDeploymentPostprocessing = 0;
		};
/* End PBXResourcesBuildPhase section */

/* Begin PBXShellScriptBuildPhase section */
		68FCB2BBE203E754B8DBC288 /* [CP] Check Pods Manifest.lock */ = {
			isa = PBXShellScriptBuildPhase;
			buildActionMask = 2147483647;
			files = (
			);
			inputFileListPaths = (
			);
			inputPaths = (
				"${PODS_PODFILE_DIR_PATH}/Podfile.lock",
				"${PODS_ROOT}/Manifest.lock",
			);
			name = "[CP] Check Pods Manifest.lock";
			outputFileListPaths = (
			);
			outputPaths = (
				"$(DERIVED_FILE_DIR)/Pods-todoListWithRealm-checkManifestLockResult.txt",
			);
			runOnlyForDeploymentPostprocessing = 0;
			shellPath = /bin/sh;
			shellScript = "diff \"${PODS_PODFILE_DIR_PATH}/Podfile.lock\" \"${PODS_ROOT}/Manifest.lock\" > /dev/null\nif [ $? != 0 ] ; then\n    # print error to STDERR\n    echo \"error: The sandbox is not in sync with the Podfile.lock. Run 'pod install' or update your CocoaPods installation.\" >&2\n    exit 1\nfi\n# This output is used by Xcode 'outputs' to avoid re-running this script phase.\necho \"SUCCESS\" > \"${SCRIPT_OUTPUT_FILE_0}\"\n";
			showEnvVarsInLog = 0;
		};
		E00CA580683C2A69F3B2A24D /* [CP] Embed Pods Frameworks */ = {
			isa = PBXShellScriptBuildPhase;
			buildActionMask = 2147483647;
			files = (
			);
			inputFileListPaths = (
				"${PODS_ROOT}/Target Support Files/Pods-todoListWithRealm/Pods-todoListWithRealm-frameworks-${CONFIGURATION}-input-files.xcfilelist",
			);
			name = "[CP] Embed Pods Frameworks";
			outputFileListPaths = (
				"${PODS_ROOT}/Target Support Files/Pods-todoListWithRealm/Pods-todoListWithRealm-frameworks-${CONFIGURATION}-output-files.xcfilelist",
			);
			runOnlyForDeploymentPostprocessing = 0;
			shellPath = /bin/sh;
			shellScript = "\"${PODS_ROOT}/Target Support Files/Pods-todoListWithRealm/Pods-todoListWithRealm-frameworks.sh\"\n";
			showEnvVarsInLog = 0;
		};
/* End PBXShellScriptBuildPhase section */

/* Begin PBXSourcesBuildPhase section */
		8D8EE21827F06C8E008A971A /* Sources */ = {
			isa = PBXSourcesBuildPhase;
			buildActionMask = 2147483647;
			files = (
				8D8EE23627F0742B008A971A /* Task.swift in Sources */,
				8D8EE23427F06D72008A971A /* TodoListViewController.swift in Sources */,
				8D8EE23827F074DA008A971A /* RealmManager.swift in Sources */,
				8D8EE22027F06C8E008A971A /* AppDelegate.swift in Sources */,
				8D8EE22227F06C8E008A971A /* SceneDelegate.swift in Sources */,
				8D8EE23E27F0C839008A971A /* TodoListTableViewCell.swift in Sources */,
			);
			runOnlyForDeploymentPostprocessing = 0;
		};
/* End PBXSourcesBuildPhase section */

/* Begin PBXVariantGroup section */
		8D8EE22A27F06C8E008A971A /* LaunchScreen.storyboard */ = {
			isa = PBXVariantGroup;
			children = (
				8D8EE22B27F06C8E008A971A /* Base */,
			);
			name = LaunchScreen.storyboard;
			sourceTree = "<group>";
		};
/* End PBXVariantGroup section */

/* Begin XCBuildConfiguration section */
		8D8EE22E27F06C8E008A971A /* Debug */ = {
			isa = XCBuildConfiguration;
			buildSettings = {
				ALWAYS_SEARCH_USER_PATHS = NO;
				CLANG_ANALYZER_NONNULL = YES;
				CLANG_ANALYZER_NUMBER_OBJECT_CONVERSION = YES_AGGRESSIVE;
				CLANG_CXX_LANGUAGE_STANDARD = "gnu++17";
				CLANG_CXX_LIBRARY = "libc++";
				CLANG_ENABLE_MODULES = YES;
				CLANG_ENABLE_OBJC_ARC = YES;
				CLANG_ENABLE_OBJC_WEAK = YES;
				CLANG_WARN_BLOCK_CAPTURE_AUTORELEASING = YES;
				CLANG_WARN_BOOL_CONVERSION = YES;
				CLANG_WARN_COMMA = YES;
				CLANG_WARN_CONSTANT_CONVERSION = YES;
				CLANG_WARN_DEPRECATED_OBJC_IMPLEMENTATIONS = YES;
				CLANG_WARN_DIRECT_OBJC_ISA_USAGE = YES_ERROR;
				CLANG_WARN_DOCUMENTATION_COMMENTS = YES;
				CLANG_WARN_EMPTY_BODY = YES;
				CLANG_WARN_ENUM_CONVERSION = YES;
				CLANG_WARN_INFINITE_RECURSION = YES;
				CLANG_WARN_INT_CONVERSION = YES;
				CLANG_WARN_NON_LITERAL_NULL_CONVERSION = YES;
				CLANG_WARN_OBJC_IMPLICIT_RETAIN_SELF = YES;
				CLANG_WARN_OBJC_LITERAL_CONVERSION = YES;
				CLANG_WARN_OBJC_ROOT_CLASS = YES_ERROR;
				CLANG_WARN_QUOTED_INCLUDE_IN_FRAMEWORK_HEADER = YES;
				CLANG_WARN_RANGE_LOOP_ANALYSIS = YES;
				CLANG_WARN_STRICT_PROTOTYPES = YES;
				CLANG_WARN_SUSPICIOUS_MOVE = YES;
				CLANG_WARN_UNGUARDED_AVAILABILITY = YES_AGGRESSIVE;
				CLANG_WARN_UNREACHABLE_CODE = YES;
				CLANG_WARN__DUPLICATE_METHOD_MATCH = YES;
				COPY_PHASE_STRIP = NO;
				DEBUG_INFORMATION_FORMAT = dwarf;
				ENABLE_STRICT_OBJC_MSGSEND = YES;
				ENABLE_TESTABILITY = YES;
				GCC_C_LANGUAGE_STANDARD = gnu11;
				GCC_DYNAMIC_NO_PIC = NO;
				GCC_NO_COMMON_BLOCKS = YES;
				GCC_OPTIMIZATION_LEVEL = 0;
				GCC_PREPROCESSOR_DEFINITIONS = (
					"DEBUG=1",
					"$(inherited)",
				);
				GCC_WARN_64_TO_32_BIT_CONVERSION = YES;
				GCC_WARN_ABOUT_RETURN_TYPE = YES_ERROR;
				GCC_WARN_UNDECLARED_SELECTOR = YES;
				GCC_WARN_UNINITIALIZED_AUTOS = YES_AGGRESSIVE;
				GCC_WARN_UNUSED_FUNCTION = YES;
				GCC_WARN_UNUSED_VARIABLE = YES;
				IPHONEOS_DEPLOYMENT_TARGET = 15.0;
				MTL_ENABLE_DEBUG_INFO = INCLUDE_SOURCE;
				MTL_FAST_MATH = YES;
				ONLY_ACTIVE_ARCH = YES;
				SDKROOT = iphoneos;
				SWIFT_ACTIVE_COMPILATION_CONDITIONS = DEBUG;
				SWIFT_OPTIMIZATION_LEVEL = "-Onone";
			};
			name = Debug;
		};
		8D8EE22F27F06C8E008A971A /* Release */ = {
			isa = XCBuildConfiguration;
			buildSettings = {
				ALWAYS_SEARCH_USER_PATHS = NO;
				CLANG_ANALYZER_NONNULL = YES;
				CLANG_ANALYZER_NUMBER_OBJECT_CONVERSION = YES_AGGRESSIVE;
				CLANG_CXX_LANGUAGE_STANDARD = "gnu++17";
				CLANG_CXX_LIBRARY = "libc++";
				CLANG_ENABLE_MODULES = YES;
				CLANG_ENABLE_OBJC_ARC = YES;
				CLANG_ENABLE_OBJC_WEAK = YES;
				CLANG_WARN_BLOCK_CAPTURE_AUTORELEASING = YES;
				CLANG_WARN_BOOL_CONVERSION = YES;
				CLANG_WARN_COMMA = YES;
				CLANG_WARN_CONSTANT_CONVERSION = YES;
				CLANG_WARN_DEPRECATED_OBJC_IMPLEMENTATIONS = YES;
				CLANG_WARN_DIRECT_OBJC_ISA_USAGE = YES_ERROR;
				CLANG_WARN_DOCUMENTATION_COMMENTS = YES;
				CLANG_WARN_EMPTY_BODY = YES;
				CLANG_WARN_ENUM_CONVERSION = YES;
				CLANG_WARN_INFINITE_RECURSION = YES;
				CLANG_WARN_INT_CONVERSION = YES;
				CLANG_WARN_NON_LITERAL_NULL_CONVERSION = YES;
				CLANG_WARN_OBJC_IMPLICIT_RETAIN_SELF = YES;
				CLANG_WARN_OBJC_LITERAL_CONVERSION = YES;
				CLANG_WARN_OBJC_ROOT_CLASS = YES_ERROR;
				CLANG_WARN_QUOTED_INCLUDE_IN_FRAMEWORK_HEADER = YES;
				CLANG_WARN_RANGE_LOOP_ANALYSIS = YES;
				CLANG_WARN_STRICT_PROTOTYPES = YES;
				CLANG_WARN_SUSPICIOUS_MOVE = YES;
				CLANG_WARN_UNGUARDED_AVAILABILITY = YES_AGGRESSIVE;
				CLANG_WARN_UNREACHABLE_CODE = YES;
				CLANG_WARN__DUPLICATE_METHOD_MATCH = YES;
				COPY_PHASE_STRIP = NO;
				DEBUG_INFORMATION_FORMAT = "dwarf-with-dsym";
				ENABLE_NS_ASSERTIONS = NO;
				ENABLE_STRICT_OBJC_MSGSEND = YES;
				GCC_C_LANGUAGE_STANDARD = gnu11;
				GCC_NO_COMMON_BLOCKS = YES;
				GCC_WARN_64_TO_32_BIT_CONVERSION = YES;
				GCC_WARN_ABOUT_RETURN_TYPE = YES_ERROR;
				GCC_WARN_UNDECLARED_SELECTOR = YES;
				GCC_WARN_UNINITIALIZED_AUTOS = YES_AGGRESSIVE;
				GCC_WARN_UNUSED_FUNCTION = YES;
				GCC_WARN_UNUSED_VARIABLE = YES;
				IPHONEOS_DEPLOYMENT_TARGET = 15.0;
				MTL_ENABLE_DEBUG_INFO = NO;
				MTL_FAST_MATH = YES;
				SDKROOT = iphoneos;
				SWIFT_COMPILATION_MODE = wholemodule;
				SWIFT_OPTIMIZATION_LEVEL = "-O";
				VALIDATE_PRODUCT = YES;
			};
			name = Release;
		};
		8D8EE23127F06C8E008A971A /* Debug */ = {
			isa = XCBuildConfiguration;
			baseConfigurationReference = B56DF0014CAAD0887B8DEE8D /* Pods-todoListWithRealm.debug.xcconfig */;
			buildSettings = {
				ASSETCATALOG_COMPILER_APPICON_NAME = AppIcon;
				ASSETCATALOG_COMPILER_GLOBAL_ACCENT_COLOR_NAME = AccentColor;
				CODE_SIGN_STYLE = Automatic;
				CURRENT_PROJECT_VERSION = 1;
				DEVELOPMENT_TEAM = RMFRRSQ9CJ;
				GENERATE_INFOPLIST_FILE = YES;
				INFOPLIST_FILE = todoListWithRealm/Info.plist;
				INFOPLIST_KEY_UIApplicationSupportsIndirectInputEvents = YES;
				INFOPLIST_KEY_UILaunchStoryboardName = LaunchScreen;
				INFOPLIST_KEY_UISupportedInterfaceOrientations_iPad = "UIInterfaceOrientationPortrait UIInterfaceOrientationPortraitUpsideDown UIInterfaceOrientationLandscapeLeft UIInterfaceOrientationLandscapeRight";
				INFOPLIST_KEY_UISupportedInterfaceOrientations_iPhone = "UIInterfaceOrientationPortrait UIInterfaceOrientationLandscapeLeft UIInterfaceOrientationLandscapeRight";
				LD_RUNPATH_SEARCH_PATHS = (
					"$(inherited)",
					"@executable_path/Frameworks",
				);
				MARKETING_VERSION = 1.0;
				PRODUCT_BUNDLE_IDENTIFIER = yuhsuan.todoListWithRealm;
				PRODUCT_NAME = "$(TARGET_NAME)";
				SWIFT_EMIT_LOC_STRINGS = YES;
				SWIFT_VERSION = 5.0;
				TARGETED_DEVICE_FAMILY = "1,2";
			};
			name = Debug;
		};
		8D8EE23227F06C8E008A971A /* Release */ = {
			isa = XCBuildConfiguration;
			baseConfigurationReference = D938B128145AF247066C3AC1 /* Pods-todoListWithRealm.release.xcconfig */;
			buildSettings = {
				ASSETCATALOG_COMPILER_APPICON_NAME = AppIcon;
				ASSETCATALOG_COMPILER_GLOBAL_ACCENT_COLOR_NAME = AccentColor;
				CODE_SIGN_STYLE = Automatic;
				CURRENT_PROJECT_VERSION = 1;
				DEVELOPMENT_TEAM = RMFRRSQ9CJ;
				GENERATE_INFOPLIST_FILE = YES;
				INFOPLIST_FILE = todoListWithRealm/Info.plist;
				INFOPLIST_KEY_UIApplicationSupportsIndirectInputEvents = YES;
				INFOPLIST_KEY_UILaunchStoryboardName = LaunchScreen;
				INFOPLIST_KEY_UISupportedInterfaceOrientations_iPad = "UIInterfaceOrientationPortrait UIInterfaceOrientationPortraitUpsideDown UIInterfaceOrientationLandscapeLeft UIInterfaceOrientationLandscapeRight";
				INFOPLIST_KEY_UISupportedInterfaceOrientations_iPhone = "UIInterfaceOrientationPortrait UIInterfaceOrientationLandscapeLeft UIInterfaceOrientationLandscapeRight";
				LD_RUNPATH_SEARCH_PATHS = (
					"$(inherited)",
					"@executable_path/Frameworks",
				);
				MARKETING_VERSION = 1.0;
				PRODUCT_BUNDLE_IDENTIFIER = yuhsuan.todoListWithRealm;
				PRODUCT_NAME = "$(TARGET_NAME)";
				SWIFT_EMIT_LOC_STRINGS = YES;
				SWIFT_VERSION = 5.0;
				TARGETED_DEVICE_FAMILY = "1,2";
			};
			name = Release;
		};
/* End XCBuildConfiguration section */

/* Begin XCConfigurationList section */
		8D8EE21727F06C8E008A971A /* Build configuration list for PBXProject "todoListWithRealm" */ = {
			isa = XCConfigurationList;
			buildConfigurations = (
				8D8EE22E27F06C8E008A971A /* Debug */,
				8D8EE22F27F06C8E008A971A /* Release */,
			);
			defaultConfigurationIsVisible = 0;
			defaultConfigurationName = Release;
		};
		8D8EE23027F06C8E008A971A /* Build configuration list for PBXNativeTarget "todoListWithRealm" */ = {
			isa = XCConfigurationList;
			buildConfigurations = (
				8D8EE23127F06C8E008A971A /* Debug */,
				8D8EE23227F06C8E008A971A /* Release */,
			);
			defaultConfigurationIsVisible = 0;
			defaultConfigurationName = Release;
		};
/* End XCConfigurationList section */
	};
	rootObject = 8D8EE21427F06C8E008A971A /* Project object */;
}
